// !$*UTF8*$!
{
	archiveVersion = 1;
	classes = {
	};
	objectVersion = 56;
	objects = {

/* Begin PBXBuildFile section */
		0C8B0C9529DF91DC004843D2 /* AppDelegate.swift in Sources */ = {isa = PBXBuildFile; fileRef = 0C8B0C9429DF91DC004843D2 /* AppDelegate.swift */; };
		0C8B0C9729DF91DC004843D2 /* SceneDelegate.swift in Sources */ = {isa = PBXBuildFile; fileRef = 0C8B0C9629DF91DC004843D2 /* SceneDelegate.swift */; };
		0C8B0C9929DF91DC004843D2 /* ViewController.swift in Sources */ = {isa = PBXBuildFile; fileRef = 0C8B0C9829DF91DC004843D2 /* ViewController.swift */; };
		0C8B0C9C29DF91DC004843D2 /* Main.storyboard in Resources */ = {isa = PBXBuildFile; fileRef = 0C8B0C9A29DF91DC004843D2 /* Main.storyboard */; };
		0C8B0C9E29DF91DD004843D2 /* Assets.xcassets in Resources */ = {isa = PBXBuildFile; fileRef = 0C8B0C9D29DF91DD004843D2 /* Assets.xcassets */; };
		0C8B0CA129DF91DD004843D2 /* LaunchScreen.storyboard in Resources */ = {isa = PBXBuildFile; fileRef = 0C8B0C9F29DF91DD004843D2 /* LaunchScreen.storyboard */; };
		0C8B0CAC29DF91DD004843D2 /* SharedProjectTests.swift in Sources */ = {isa = PBXBuildFile; fileRef = 0C8B0CAB29DF91DD004843D2 /* SharedProjectTests.swift */; };
		0C8B0CB629DF91DD004843D2 /* SharedProjectUITests.swift in Sources */ = {isa = PBXBuildFile; fileRef = 0C8B0CB529DF91DD004843D2 /* SharedProjectUITests.swift */; };
		0C8B0CB829DF91DD004843D2 /* SharedProjectUITestsLaunchTests.swift in Sources */ = {isa = PBXBuildFile; fileRef = 0C8B0CB729DF91DD004843D2 /* SharedProjectUITestsLaunchTests.swift */; };
/* End PBXBuildFile section */

/* Begin PBXContainerItemProxy section */
		0C8B0CA829DF91DD004843D2 /* PBXContainerItemProxy */ = {
			isa = PBXContainerItemProxy;
			containerPortal = 0C8B0C8929DF91DC004843D2 /* Project object */;
			proxyType = 1;
			remoteGlobalIDString = 0C8B0C9029DF91DC004843D2;
			remoteInfo = SharedProject;
		};
		0C8B0CB229DF91DD004843D2 /* PBXContainerItemProxy */ = {
			isa = PBXContainerItemProxy;
			containerPortal = 0C8B0C8929DF91DC004843D2 /* Project object */;
			proxyType = 1;
			remoteGlobalIDString = 0C8B0C9029DF91DC004843D2;
			remoteInfo = SharedProject;
		};
/* End PBXContainerItemProxy section */

/* Begin PBXFileReference section */
		0C8B0C9129DF91DC004843D2 /* SharedProject.app */ = {isa = PBXFileReference; explicitFileType = wrapper.application; includeInIndex = 0; path = SharedProject.app; sourceTree = BUILT_PRODUCTS_DIR; };
		0C8B0C9429DF91DC004843D2 /* AppDelegate.swift */ = {isa = PBXFileReference; lastKnownFileType = sourcecode.swift; path = AppDelegate.swift; sourceTree = "<group>"; };
		0C8B0C9629DF91DC004843D2 /* SceneDelegate.swift */ = {isa = PBXFileReference; lastKnownFileType = sourcecode.swift; path = SceneDelegate.swift; sourceTree = "<group>"; };
		0C8B0C9829DF91DC004843D2 /* ViewController.swift */ = {isa = PBXFileReference; lastKnownFileType = sourcecode.swift; path = ViewController.swift; sourceTree = "<group>"; };
		0C8B0C9B29DF91DC004843D2 /* Base */ = {isa = PBXFileReference; lastKnownFileType = file.storyboard; name = Base; path = Base.lproj/Main.storyboard; sourceTree = "<group>"; };
		0C8B0C9D29DF91DD004843D2 /* Assets.xcassets */ = {isa = PBXFileReference; lastKnownFileType = folder.assetcatalog; path = Assets.xcassets; sourceTree = "<group>"; };
		0C8B0CA029DF91DD004843D2 /* Base */ = {isa = PBXFileReference; lastKnownFileType = file.storyboard; name = Base; path = Base.lproj/LaunchScreen.storyboard; sourceTree = "<group>"; };
		0C8B0CA229DF91DD004843D2 /* Info.plist */ = {isa = PBXFileReference; lastKnownFileType = text.plist.xml; path = Info.plist; sourceTree = "<group>"; };
		0C8B0CA729DF91DD004843D2 /* SharedProjectTests.xctest */ = {isa = PBXFileReference; explicitFileType = wrapper.cfbundle; includeInIndex = 0; path = SharedProjectTests.xctest; sourceTree = BUILT_PRODUCTS_DIR; };
		0C8B0CAB29DF91DD004843D2 /* SharedProjectTests.swift */ = {isa = PBXFileReference; lastKnownFileType = sourcecode.swift; path = SharedProjectTests.swift; sourceTree = "<group>"; };
		0C8B0CB129DF91DD004843D2 /* SharedProjectUITests.xctest */ = {isa = PBXFileReference; explicitFileType = wrapper.cfbundle; includeInIndex = 0; path = SharedProjectUITests.xctest; sourceTree = BUILT_PRODUCTS_DIR; };
		0C8B0CB529DF91DD004843D2 /* SharedProjectUITests.swift */ = {isa = PBXFileReference; lastKnownFileType = sourcecode.swift; path = SharedProjectUITests.swift; sourceTree = "<group>"; };
		0C8B0CB729DF91DD004843D2 /* SharedProjectUITestsLaunchTests.swift */ = {isa = PBXFileReference; lastKnownFileType = sourcecode.swift; path = SharedProjectUITestsLaunchTests.swift; sourceTree = "<group>"; };
/* End PBXFileReference section */

/* Begin PBXFrameworksBuildPhase section */
		0C8B0C8E29DF91DC004843D2 /* Frameworks */ = {
			isa = PBXFrameworksBuildPhase;
			buildActionMask = 2147483647;
			files = (
			);
			runOnlyForDeploymentPostprocessing = 0;
		};
		0C8B0CA429DF91DD004843D2 /* Frameworks */ = {
			isa = PBXFrameworksBuildPhase;
			buildActionMask = 2147483647;
			files = (
			);
			runOnlyForDeploymentPostprocessing = 0;
		};
		0C8B0CAE29DF91DD004843D2 /* Frameworks */ = {
			isa = PBXFrameworksBuildPhase;
			buildActionMask = 2147483647;
			files = (
			);
			runOnlyForDeploymentPostprocessing = 0;
		};
/* End PBXFrameworksBuildPhase section */

/* Begin PBXGroup section */
		0C8B0C8829DF91DC004843D2 = {
			isa = PBXGroup;
			children = (
				0C8B0C9329DF91DC004843D2 /* SharedProject */,
				0C8B0CAA29DF91DD004843D2 /* SharedProjectTests */,
				0C8B0CB429DF91DD004843D2 /* SharedProjectUITests */,
				0C8B0C9229DF91DC004843D2 /* Products */,
			);
			sourceTree = "<group>";
		};
		0C8B0C9229DF91DC004843D2 /* Products */ = {
			isa = PBXGroup;
			children = (
				0C8B0C9129DF91DC004843D2 /* SharedProject.app */,
				0C8B0CA729DF91DD004843D2 /* SharedProjectTests.xctest */,
				0C8B0CB129DF91DD004843D2 /* SharedProjectUITests.xctest */,
			);
			name = Products;
			sourceTree = "<group>";
		};
		0C8B0C9329DF91DC004843D2 /* SharedProject */ = {
			isa = PBXGroup;
			children = (
				0C8B0C9429DF91DC004843D2 /* AppDelegate.swift */,
				0C8B0C9629DF91DC004843D2 /* SceneDelegate.swift */,
				0C8B0C9829DF91DC004843D2 /* ViewController.swift */,
				0C8B0C9A29DF91DC004843D2 /* Main.storyboard */,
				0C8B0C9D29DF91DD004843D2 /* Assets.xcassets */,
				0C8B0C9F29DF91DD004843D2 /* LaunchScreen.storyboard */,
				0C8B0CA229DF91DD004843D2 /* Info.plist */,
			);
			path = SharedProject;
			sourceTree = "<group>";
		};
		0C8B0CAA29DF91DD004843D2 /* SharedProjectTests */ = {
			isa = PBXGroup;
			children = (
				0C8B0CAB29DF91DD004843D2 /* SharedProjectTests.swift */,
			);
			path = SharedProjectTests;
			sourceTree = "<group>";
		};
		0C8B0CB429DF91DD004843D2 /* SharedProjectUITests */ = {
			isa = PBXGroup;
			children = (
				0C8B0CB529DF91DD004843D2 /* SharedProjectUITests.swift */,
				0C8B0CB729DF91DD004843D2 /* SharedProjectUITestsLaunchTests.swift */,
			);
			path = SharedProjectUITests;
			sourceTree = "<group>";
		};
/* End PBXGroup section */

/* Begin PBXNativeTarget section */
		0C8B0C9029DF91DC004843D2 /* SharedProject */ = {
			isa = PBXNativeTarget;
			buildConfigurationList = 0C8B0CBB29DF91DD004843D2 /* Build configuration list for PBXNativeTarget "SharedProject" */;
			buildPhases = (
				0C8B0C8D29DF91DC004843D2 /* Sources */,
				0C8B0C8E29DF91DC004843D2 /* Frameworks */,
				0C8B0C8F29DF91DC004843D2 /* Resources */,
			);
			buildRules = (
			);
			dependencies = (
			);
			name = SharedProject;
			productName = SharedProject;
			productReference = 0C8B0C9129DF91DC004843D2 /* SharedProject.app */;
			productType = "com.apple.product-type.application";
		};
		0C8B0CA629DF91DD004843D2 /* SharedProjectTests */ = {
			isa = PBXNativeTarget;
			buildConfigurationList = 0C8B0CBE29DF91DD004843D2 /* Build configuration list for PBXNativeTarget "SharedProjectTests" */;
			buildPhases = (
				0C8B0CA329DF91DD004843D2 /* Sources */,
				0C8B0CA429DF91DD004843D2 /* Frameworks */,
				0C8B0CA529DF91DD004843D2 /* Resources */,
			);
			buildRules = (
			);
			dependencies = (
				0C8B0CA929DF91DD004843D2 /* PBXTargetDependency */,
			);
			name = SharedProjectTests;
			productName = SharedProjectTests;
			productReference = 0C8B0CA729DF91DD004843D2 /* SharedProjectTests.xctest */;
			productType = "com.apple.product-type.bundle.unit-test";
		};
		0C8B0CB029DF91DD004843D2 /* SharedProjectUITests */ = {
			isa = PBXNativeTarget;
			buildConfigurationList = 0C8B0CC129DF91DD004843D2 /* Build configuration list for PBXNativeTarget "SharedProjectUITests" */;
			buildPhases = (
				0C8B0CAD29DF91DD004843D2 /* Sources */,
				0C8B0CAE29DF91DD004843D2 /* Frameworks */,
				0C8B0CAF29DF91DD004843D2 /* Resources */,
			);
			buildRules = (
			);
			dependencies = (
				0C8B0CB329DF91DD004843D2 /* PBXTargetDependency */,
			);
			name = SharedProjectUITests;
			productName = SharedProjectUITests;
			productReference = 0C8B0CB129DF91DD004843D2 /* SharedProjectUITests.xctest */;
			productType = "com.apple.product-type.bundle.ui-testing";
		};
/* End PBXNativeTarget section */

/* Begin PBXProject section */
		0C8B0C8929DF91DC004843D2 /* Project object */ = {
			isa = PBXProject;
			attributes = {
				BuildIndependentTargetsInParallel = 1;
				LastSwiftUpdateCheck = 1430;
				LastUpgradeCheck = 1430;
				TargetAttributes = {
					0C8B0C9029DF91DC004843D2 = {
						CreatedOnToolsVersion = 14.3;
					};
					0C8B0CA629DF91DD004843D2 = {
						CreatedOnToolsVersion = 14.3;
						TestTargetID = 0C8B0C9029DF91DC004843D2;
					};
					0C8B0CB029DF91DD004843D2 = {
						CreatedOnToolsVersion = 14.3;
						TestTargetID = 0C8B0C9029DF91DC004843D2;
					};
				};
			};
			buildConfigurationList = 0C8B0C8C29DF91DC004843D2 /* Build configuration list for PBXProject "SharedProject" */;
			compatibilityVersion = "Xcode 14.0";
			developmentRegion = en;
			hasScannedForEncodings = 0;
			knownRegions = (
				en,
				Base,
			);
			mainGroup = 0C8B0C8829DF91DC004843D2;
			productRefGroup = 0C8B0C9229DF91DC004843D2 /* Products */;
			projectDirPath = "";
			projectRoot = "";
			targets = (
				0C8B0C9029DF91DC004843D2 /* SharedProject */,
				0C8B0CA629DF91DD004843D2 /* SharedProjectTests */,
				0C8B0CB029DF91DD004843D2 /* SharedProjectUITests */,
			);
		};
/* End PBXProject section */

/* Begin PBXResourcesBuildPhase section */
		0C8B0C8F29DF91DC004843D2 /* Resources */ = {
			isa = PBXResourcesBuildPhase;
			buildActionMask = 2147483647;
			files = (
				0C8B0CA129DF91DD004843D2 /* LaunchScreen.storyboard in Resources */,
				0C8B0C9E29DF91DD004843D2 /* Assets.xcassets in Resources */,
				0C8B0C9C29DF91DC004843D2 /* Main.storyboard in Resources */,
			);
			runOnlyForDeploymentPostprocessing = 0;
		};
		0C8B0CA529DF91DD004843D2 /* Resources */ = {
			isa = PBXResourcesBuildPhase;
			buildActionMask = 2147483647;
			files = (
			);
			runOnlyForDeploymentPostprocessing = 0;
		};
		0C8B0CAF29DF91DD004843D2 /* Resources */ = {
			isa = PBXResourcesBuildPhase;
			buildActionMask = 2147483647;
			files = (
			);
			runOnlyForDeploymentPostprocessing = 0;
		};
/* End PBXResourcesBuildPhase section */

/* Begin PBXSourcesBuildPhase section */
		0C8B0C8D29DF91DC004843D2 /* Sources */ = {
			isa = PBXSourcesBuildPhase;
			buildActionMask = 2147483647;
			files = (
				0C8B0C9929DF91DC004843D2 /* ViewController.swift in Sources */,
				0C8B0C9529DF91DC004843D2 /* AppDelegate.swift in Sources */,
				0C8B0C9729DF91DC004843D2 /* SceneDelegate.swift in Sources */,
			);
			runOnlyForDeploymentPostprocessing = 0;
		};
		0C8B0CA329DF91DD004843D2 /* Sources */ = {
			isa = PBXSourcesBuildPhase;
			buildActionMask = 2147483647;
			files = (
				0C8B0CAC29DF91DD004843D2 /* SharedProjectTests.swift in Sources */,
			);
			runOnlyForDeploymentPostprocessing = 0;
		};
		0C8B0CAD29DF91DD004843D2 /* Sources */ = {
			isa = PBXSourcesBuildPhase;
			buildActionMask = 2147483647;
			files = (
				0C8B0CB629DF91DD004843D2 /* SharedProjectUITests.swift in Sources */,
				0C8B0CB829DF91DD004843D2 /* SharedProjectUITestsLaunchTests.swift in Sources */,
			);
			runOnlyForDeploymentPostprocessing = 0;
		};
/* End PBXSourcesBuildPhase section */

/* Begin PBXTargetDependency section */
		0C8B0CA929DF91DD004843D2 /* PBXTargetDependency */ = {
			isa = PBXTargetDependency;
			target = 0C8B0C9029DF91DC004843D2 /* SharedProject */;
			targetProxy = 0C8B0CA829DF91DD004843D2 /* PBXContainerItemProxy */;
		};
		0C8B0CB329DF91DD004843D2 /* PBXTargetDependency */ = {
			isa = PBXTargetDependency;
			target = 0C8B0C9029DF91DC004843D2 /* SharedProject */;
			targetProxy = 0C8B0CB229DF91DD004843D2 /* PBXContainerItemProxy */;
		};
/* End PBXTargetDependency section */

/* Begin PBXVariantGroup section */
		0C8B0C9A29DF91DC004843D2 /* Main.storyboard */ = {
			isa = PBXVariantGroup;
			children = (
				0C8B0C9B29DF91DC004843D2 /* Base */,
			);
			name = Main.storyboard;
			sourceTree = "<group>";
		};
		0C8B0C9F29DF91DD004843D2 /* LaunchScreen.storyboard */ = {
			isa = PBXVariantGroup;
			children = (
				0C8B0CA029DF91DD004843D2 /* Base */,
			);
			name = LaunchScreen.storyboard;
			sourceTree = "<group>";
		};
/* End PBXVariantGroup section */

/* Begin XCBuildConfiguration section */
		0C8B0CB929DF91DD004843D2 /* Debug */ = {
			isa = XCBuildConfiguration;
			buildSettings = {
				ALWAYS_SEARCH_USER_PATHS = NO;
				CLANG_ANALYZER_NONNULL = YES;
				CLANG_ANALYZER_NUMBER_OBJECT_CONVERSION = YES_AGGRESSIVE;
				CLANG_CXX_LANGUAGE_STANDARD = "gnu++20";
				CLANG_ENABLE_MODULES = YES;
				CLANG_ENABLE_OBJC_ARC = YES;
				CLANG_ENABLE_OBJC_WEAK = YES;
				CLANG_WARN_BLOCK_CAPTURE_AUTORELEASING = YES;
				CLANG_WARN_BOOL_CONVERSION = YES;
				CLANG_WARN_COMMA = YES;
				CLANG_WARN_CONSTANT_CONVERSION = YES;
				CLANG_WARN_DEPRECATED_OBJC_IMPLEMENTATIONS = YES;
				CLANG_WARN_DIRECT_OBJC_ISA_USAGE = YES_ERROR;
				CLANG_WARN_DOCUMENTATION_COMMENTS = YES;
				CLANG_WARN_EMPTY_BODY = YES;
				CLANG_WARN_ENUM_CONVERSION = YES;
				CLANG_WARN_INFINITE_RECURSION = YES;
				CLANG_WARN_INT_CONVERSION = YES;
				CLANG_WARN_NON_LITERAL_NULL_CONVERSION = YES;
				CLANG_WARN_OBJC_IMPLICIT_RETAIN_SELF = YES;
				CLANG_WARN_OBJC_LITERAL_CONVERSION = YES;
				CLANG_WARN_OBJC_ROOT_CLASS = YES_ERROR;
				CLANG_WARN_QUOTED_INCLUDE_IN_FRAMEWORK_HEADER = YES;
				CLANG_WARN_RANGE_LOOP_ANALYSIS = YES;
				CLANG_WARN_STRICT_PROTOTYPES = YES;
				CLANG_WARN_SUSPICIOUS_MOVE = YES;
				CLANG_WARN_UNGUARDED_AVAILABILITY = YES_AGGRESSIVE;
				CLANG_WARN_UNREACHABLE_CODE = YES;
				CLANG_WARN__DUPLICATE_METHOD_MATCH = YES;
				COPY_PHASE_STRIP = NO;
				DEBUG_INFORMATION_FORMAT = dwarf;
				ENABLE_STRICT_OBJC_MSGSEND = YES;
				ENABLE_TESTABILITY = YES;
				GCC_C_LANGUAGE_STANDARD = gnu11;
				GCC_DYNAMIC_NO_PIC = NO;
				GCC_NO_COMMON_BLOCKS = YES;
				GCC_OPTIMIZATION_LEVEL = 0;
				GCC_PREPROCESSOR_DEFINITIONS = (
					"DEBUG=1",
					"$(inherited)",
				);
				GCC_WARN_64_TO_32_BIT_CONVERSION = YES;
				GCC_WARN_ABOUT_RETURN_TYPE = YES_ERROR;
				GCC_WARN_UNDECLARED_SELECTOR = YES;
				GCC_WARN_UNINITIALIZED_AUTOS = YES_AGGRESSIVE;
				GCC_WARN_UNUSED_FUNCTION = YES;
				GCC_WARN_UNUSED_VARIABLE = YES;
				IPHONEOS_DEPLOYMENT_TARGET = 16.4;
				MTL_ENABLE_DEBUG_INFO = INCLUDE_SOURCE;
				MTL_FAST_MATH = YES;
				ONLY_ACTIVE_ARCH = YES;
				SDKROOT = iphoneos;
				SWIFT_ACTIVE_COMPILATION_CONDITIONS = DEBUG;
				SWIFT_OPTIMIZATION_LEVEL = "-Onone";
			};
			name = Debug;
		};
		0C8B0CBA29DF91DD004843D2 /* Release */ = {
			isa = XCBuildConfiguration;
			buildSettings = {
				ALWAYS_SEARCH_USER_PATHS = NO;
				CLANG_ANALYZER_NONNULL = YES;
				CLANG_ANALYZER_NUMBER_OBJECT_CONVERSION = YES_AGGRESSIVE;
				CLANG_CXX_LANGUAGE_STANDARD = "gnu++20";
				CLANG_ENABLE_MODULES = YES;
				CLANG_ENABLE_OBJC_ARC = YES;
				CLANG_ENABLE_OBJC_WEAK = YES;
				CLANG_WARN_BLOCK_CAPTURE_AUTORELEASING = YES;
				CLANG_WARN_BOOL_CONVERSION = YES;
				CLANG_WARN_COMMA = YES;
				CLANG_WARN_CONSTANT_CONVERSION = YES;
				CLANG_WARN_DEPRECATED_OBJC_IMPLEMENTATIONS = YES;
				CLANG_WARN_DIRECT_OBJC_ISA_USAGE = YES_ERROR;
				CLANG_WARN_DOCUMENTATION_COMMENTS = YES;
				CLANG_WARN_EMPTY_BODY = YES;
				CLANG_WARN_ENUM_CONVERSION = YES;
				CLANG_WARN_INFINITE_RECURSION = YES;
				CLANG_WARN_INT_CONVERSION = YES;
				CLANG_WARN_NON_LITERAL_NULL_CONVERSION = YES;
				CLANG_WARN_OBJC_IMPLICIT_RETAIN_SELF = YES;
				CLANG_WARN_OBJC_LITERAL_CONVERSION = YES;
				CLANG_WARN_OBJC_ROOT_CLASS = YES_ERROR;
				CLANG_WARN_QUOTED_INCLUDE_IN_FRAMEWORK_HEADER = YES;
				CLANG_WARN_RANGE_LOOP_ANALYSIS = YES;
				CLANG_WARN_STRICT_PROTOTYPES = YES;
				CLANG_WARN_SUSPICIOUS_MOVE = YES;
				CLANG_WARN_UNGUARDED_AVAILABILITY = YES_AGGRESSIVE;
				CLANG_WARN_UNREACHABLE_CODE = YES;
				CLANG_WARN__DUPLICATE_METHOD_MATCH = YES;
				COPY_PHASE_STRIP = NO;
				DEBUG_INFORMATION_FORMAT = "dwarf-with-dsym";
				ENABLE_NS_ASSERTIONS = NO;
				ENABLE_STRICT_OBJC_MSGSEND = YES;
				GCC_C_LANGUAGE_STANDARD = gnu11;
				GCC_NO_COMMON_BLOCKS = YES;
				GCC_WARN_64_TO_32_BIT_CONVERSION = YES;
				GCC_WARN_ABOUT_RETURN_TYPE = YES_ERROR;
				GCC_WARN_UNDECLARED_SELECTOR = YES;
				GCC_WARN_UNINITIALIZED_AUTOS = YES_AGGRESSIVE;
				GCC_WARN_UNUSED_FUNCTION = YES;
				GCC_WARN_UNUSED_VARIABLE = YES;
				IPHONEOS_DEPLOYMENT_TARGET = 16.4;
				MTL_ENABLE_DEBUG_INFO = NO;
				MTL_FAST_MATH = YES;
				SDKROOT = iphoneos;
				SWIFT_COMPILATION_MODE = wholemodule;
				SWIFT_OPTIMIZATION_LEVEL = "-O";
				VALIDATE_PRODUCT = YES;
			};
			name = Release;
		};
		0C8B0CBC29DF91DD004843D2 /* Debug */ = {
			isa = XCBuildConfiguration;
			buildSettings = {
				ASSETCATALOG_COMPILER_APPICON_NAME = AppIcon;
				ASSETCATALOG_COMPILER_GLOBAL_ACCENT_COLOR_NAME = AccentColor;
				CODE_SIGN_STYLE = Automatic;
				CURRENT_PROJECT_VERSION = 1;
				DEVELOPMENT_TEAM = Y3C24K2JFW;
				GENERATE_INFOPLIST_FILE = YES;
				INFOPLIST_FILE = SharedProject/Info.plist;
				INFOPLIST_KEY_UIApplicationSupportsIndirectInputEvents = YES;
				INFOPLIST_KEY_UILaunchStoryboardName = LaunchScreen;
				INFOPLIST_KEY_UIMainStoryboardFile = Main;
				INFOPLIST_KEY_UISupportedInterfaceOrientations_iPad = "UIInterfaceOrientationPortrait UIInterfaceOrientationPortraitUpsideDown UIInterfaceOrientationLandscapeLeft UIInterfaceOrientationLandscapeRight";
				INFOPLIST_KEY_UISupportedInterfaceOrientations_iPhone = "UIInterfaceOrientationPortrait UIInterfaceOrientationLandscapeLeft UIInterfaceOrientationLandscapeRight";
				LD_RUNPATH_SEARCH_PATHS = (
					"$(inherited)",
					"@executable_path/Frameworks",
				);
				MARKETING_VERSION = 1.0;
				PRODUCT_BUNDLE_IDENTIFIER = edu.omaha.mfayad.SharedProject;
				PRODUCT_NAME = "$(TARGET_NAME)";
				SWIFT_EMIT_LOC_STRINGS = YES;
				SWIFT_VERSION = 5.0;
				TARGETED_DEVICE_FAMILY = "1,2";
			};
			name = Debug;
		};
		0C8B0CBD29DF91DD004843D2 /* Release */ = {
			isa = XCBuildConfiguration;
			buildSettings = {
				ASSETCATALOG_COMPILER_APPICON_NAME = AppIcon;
				ASSETCATALOG_COMPILER_GLOBAL_ACCENT_COLOR_NAME = AccentColor;
				CODE_SIGN_STYLE = Automatic;
				CURRENT_PROJECT_VERSION = 1;
				DEVELOPMENT_TEAM = Y3C24K2JFW;
				GENERATE_INFOPLIST_FILE = YES;
				INFOPLIST_FILE = SharedProject/Info.plist;
				INFOPLIST_KEY_UIApplicationSupportsIndirectInputEvents = YES;
				INFOPLIST_KEY_UILaunchStoryboardName = LaunchScreen;
				INFOPLIST_KEY_UIMainStoryboardFile = Main;
				INFOPLIST_KEY_UISupportedInterfaceOrientations_iPad = "UIInterfaceOrientationPortrait UIInterfaceOrientationPortraitUpsideDown UIInterfaceOrientationLandscapeLeft UIInterfaceOrientationLandscapeRight";
				INFOPLIST_KEY_UISupportedInterfaceOrientations_iPhone = "UIInterfaceOrientationPortrait UIInterfaceOrientationLandscapeLeft UIInterfaceOrientationLandscapeRight";
				LD_RUNPATH_SEARCH_PATHS = (
					"$(inherited)",
					"@executable_path/Frameworks",
				);
				MARKETING_VERSION = 1.0;
				PRODUCT_BUNDLE_IDENTIFIER = edu.omaha.mfayad.SharedProject;
				PRODUCT_NAME = "$(TARGET_NAME)";
				SWIFT_EMIT_LOC_STRINGS = YES;
				SWIFT_VERSION = 5.0;
				TARGETED_DEVICE_FAMILY = "1,2";
			};
			name = Release;
		};
		0C8B0CBF29DF91DD004843D2 /* Debug */ = {
			isa = XCBuildConfiguration;
			buildSettings = {
				ALWAYS_EMBED_SWIFT_STANDARD_LIBRARIES = YES;
				BUNDLE_LOADER = "$(TEST_HOST)";
				CODE_SIGN_STYLE = Automatic;
				CURRENT_PROJECT_VERSION = 1;
				DEVELOPMENT_TEAM = Y3C24K2JFW;
				GENERATE_INFOPLIST_FILE = YES;
				IPHONEOS_DEPLOYMENT_TARGET = 16.4;
				MARKETING_VERSION = 1.0;
				PRODUCT_BUNDLE_IDENTIFIER = edu.omaha.mfayad.SharedProjectTests;
				PRODUCT_NAME = "$(TARGET_NAME)";
				SWIFT_EMIT_LOC_STRINGS = NO;
				SWIFT_VERSION = 5.0;
				TARGETED_DEVICE_FAMILY = "1,2";
				TEST_HOST = "$(BUILT_PRODUCTS_DIR)/SharedProject.app/$(BUNDLE_EXECUTABLE_FOLDER_PATH)/SharedProject";
			};
			name = Debug;
		};
		0C8B0CC029DF91DD004843D2 /* Release */ = {
			isa = XCBuildConfiguration;
			buildSettings = {
				ALWAYS_EMBED_SWIFT_STANDARD_LIBRARIES = YES;
				BUNDLE_LOADER = "$(TEST_HOST)";
				CODE_SIGN_STYLE = Automatic;
				CURRENT_PROJECT_VERSION = 1;
				DEVELOPMENT_TEAM = Y3C24K2JFW;
				GENERATE_INFOPLIST_FILE = YES;
				IPHONEOS_DEPLOYMENT_TARGET = 16.4;
				MARKETING_VERSION = 1.0;
				PRODUCT_BUNDLE_IDENTIFIER = edu.omaha.mfayad.SharedProjectTests;
				PRODUCT_NAME = "$(TARGET_NAME)";
				SWIFT_EMIT_LOC_STRINGS = NO;
				SWIFT_VERSION = 5.0;
				TARGETED_DEVICE_FAMILY = "1,2";
				TEST_HOST = "$(BUILT_PRODUCTS_DIR)/SharedProject.app/$(BUNDLE_EXECUTABLE_FOLDER_PATH)/SharedProject";
			};
			name = Release;
		};
		0C8B0CC229DF91DD004843D2 /* Debug */ = {
			isa = XCBuildConfiguration;
			buildSettings = {
				ALWAYS_EMBED_SWIFT_STANDARD_LIBRARIES = YES;
				CODE_SIGN_STYLE = Automatic;
				CURRENT_PROJECT_VERSION = 1;
				DEVELOPMENT_TEAM = Y3C24K2JFW;
				GENERATE_INFOPLIST_FILE = YES;
				MARKETING_VERSION = 1.0;
				PRODUCT_BUNDLE_IDENTIFIER = edu.omaha.mfayad.SharedProjectUITests;
				PRODUCT_NAME = "$(TARGET_NAME)";
				SWIFT_EMIT_LOC_STRINGS = NO;
				SWIFT_VERSION = 5.0;
				TARGETED_DEVICE_FAMILY = "1,2";
				TEST_TARGET_NAME = SharedProject;
			};
			name = Debug;
		};
		0C8B0CC329DF91DD004843D2 /* Release */ = {
			isa = XCBuildConfiguration;
			buildSettings = {
				ALWAYS_EMBED_SWIFT_STANDARD_LIBRARIES = YES;
				CODE_SIGN_STYLE = Automatic;
				CURRENT_PROJECT_VERSION = 1;
				DEVELOPMENT_TEAM = Y3C24K2JFW;
				GENERATE_INFOPLIST_FILE = YES;
				MARKETING_VERSION = 1.0;
				PRODUCT_BUNDLE_IDENTIFIER = edu.omaha.mfayad.SharedProjectUITests;
				PRODUCT_NAME = "$(TARGET_NAME)";
				SWIFT_EMIT_LOC_STRINGS = NO;
				SWIFT_VERSION = 5.0;
				TARGETED_DEVICE_FAMILY = "1,2";
				TEST_TARGET_NAME = SharedProject;
			};
			name = Release;
		};
/* End XCBuildConfiguration section */

/* Begin XCConfigurationList section */
		0C8B0C8C29DF91DC004843D2 /* Build configuration list for PBXProject "SharedProject" */ = {
			isa = XCConfigurationList;
			buildConfigurations = (
				0C8B0CB929DF91DD004843D2 /* Debug */,
				0C8B0CBA29DF91DD004843D2 /* Release */,
			);
			defaultConfigurationIsVisible = 0;
			defaultConfigurationName = Release;
		};
		0C8B0CBB29DF91DD004843D2 /* Build configuration list for PBXNativeTarget "SharedProject" */ = {
			isa = XCConfigurationList;
			buildConfigurations = (
				0C8B0CBC29DF91DD004843D2 /* Debug */,
				0C8B0CBD29DF91DD004843D2 /* Release */,
			);
			defaultConfigurationIsVisible = 0;
			defaultConfigurationName = Release;
		};
		0C8B0CBE29DF91DD004843D2 /* Build configuration list for PBXNativeTarget "SharedProjectTests" */ = {
			isa = XCConfigurationList;
			buildConfigurations = (
				0C8B0CBF29DF91DD004843D2 /* Debug */,
				0C8B0CC029DF91DD004843D2 /* Release */,
			);
			defaultConfigurationIsVisible = 0;
			defaultConfigurationName = Release;
		};
		0C8B0CC129DF91DD004843D2 /* Build configuration list for PBXNativeTarget "SharedProjectUITests" */ = {
			isa = XCConfigurationList;
			buildConfigurations = (
				0C8B0CC229DF91DD004843D2 /* Debug */,
				0C8B0CC329DF91DD004843D2 /* Release */,
			);
			defaultConfigurationIsVisible = 0;
			defaultConfigurationName = Release;
		};
/* End XCConfigurationList section */
	};
	rootObject = 0C8B0C8929DF91DC004843D2 /* Project object */;
}
